
Microsoft Visual Studio Solution File, Format Version 12.00
# Visual Studio Version 17
VisualStudioVersion = 17.11.35222.181
MinimumVisualStudioVersion = 10.0.40219.1
Project("{FAE04EC0-301F-11D3-BF4B-00C04F79EFBC}") = "HCLSPro", "HCLSPro\HCLSPro.csproj", "{6C3FA470-C819-49E3-B9CF-B08EB73FAF9E}"
EndProject
Project("{FAE04EC0-301F-11D3-BF4B-00C04F79EFBC}") = "HCLSPro.Tests", "HCLSPro.Tests\HCLSPro.Tests.csproj", "{DC001797-326B-46FE-932E-10DBD17CD1D8}"
EndProject
Global
	GlobalSection(SolutionConfigurationPlatforms) = preSolution
		Debug|Any CPU = Debug|Any CPU
		Release|Any CPU = Release|Any CPU
	EndGlobalSection
	GlobalSection(ProjectConfigurationPlatforms) = postSolution
		{6C3FA470-C819-49E3-B9CF-B08EB73FAF9E}.Debug|Any CPU.ActiveCfg = Debug|Any CPU
		{6C3FA470-C819-49E3-B9CF-B08EB73FAF9E}.Debug|Any CPU.Build.0 = Debug|Any CPU
		{6C3FA470-C819-49E3-B9CF-B08EB73FAF9E}.Release|Any CPU.ActiveCfg = Release|Any CPU
		{6C3FA470-C819-49E3-B9CF-B08EB73FAF9E}.Release|Any CPU.Build.0 = Release|Any CPU
		{DC001797-326B-46FE-932E-10DBD17CD1D8}.Debug|Any CPU.ActiveCfg = Debug|Any CPU
		{DC001797-326B-46FE-932E-10DBD17CD1D8}.Debug|Any CPU.Build.0 = Debug|Any CPU
		{DC001797-326B-46FE-932E-10DBD17CD1D8}.Release|Any CPU.ActiveCfg = Release|Any CPU
		{DC001797-326B-46FE-932E-10DBD17CD1D8}.Release|Any CPU.Build.0 = Release|Any CPU
	EndGlobalSection
	GlobalSection(SolutionProperties) = preSolution
		HideSolutionNode = FALSE
	EndGlobalSection
	GlobalSection(ExtensibilityGlobals) = postSolution
		SolutionGuid = {3DE1C70B-9370-4DC1-BAF1-99C9FD666309}
	EndGlobalSection
EndGlobal
